
Microsoft Visual Studio Solution File, Format Version 12.00
# Visual Studio Version 17
VisualStudioVersion = 17.11.35327.3
MinimumVisualStudioVersion = 10.0.40219.1
Project("{FAE04EC0-301F-11D3-BF4B-00C04F79EFBC}") = "orakle_teste_api", "orakle_teste_api\orakle_teste_api.csproj", "{6A230DD3-666A-432F-B8E5-FC5181C3E501}"
EndProject
Global
	GlobalSection(SolutionConfigurationPlatforms) = preSolution
		Debug|Any CPU = Debug|Any CPU
		Release|Any CPU = Release|Any CPU
	EndGlobalSection
	GlobalSection(ProjectConfigurationPlatforms) = postSolution
		{6A230DD3-666A-432F-B8E5-FC5181C3E501}.Debug|Any CPU.ActiveCfg = Debug|Any CPU
		{6A230DD3-666A-432F-B8E5-FC5181C3E501}.Debug|Any CPU.Build.0 = Debug|Any CPU
		{6A230DD3-666A-432F-B8E5-FC5181C3E501}.Release|Any CPU.ActiveCfg = Release|Any CPU
		{6A230DD3-666A-432F-B8E5-FC5181C3E501}.Release|Any CPU.Build.0 = Release|Any CPU
	EndGlobalSection
	GlobalSection(SolutionProperties) = preSolution
		HideSolutionNode = FALSE
	EndGlobalSection
	GlobalSection(ExtensibilityGlobals) = postSolution
		SolutionGuid = {5135E957-6FF7-403B-992F-F900724D9FF3}
	EndGlobalSection
EndGlobal
